
Microsoft Visual Studio Solution File, Format Version 12.00
# Visual Studio Version 17
VisualStudioVersion = 17.6.33815.320
MinimumVisualStudioVersion = 10.0.40219.1
Project("{9A19103F-16F7-4668-BE54-9A1E7A4F7556}") = "CNABSolution", "CNABSolution.csproj", "{4E3B1208-BE65-4860-8B1C-3AF2FE21FCBC}"
EndProject
Global
	GlobalSection(SolutionConfigurationPlatforms) = preSolution
		Debug|Any CPU = Debug|Any CPU
		Release|Any CPU = Release|Any CPU
	EndGlobalSection
	GlobalSection(ProjectConfigurationPlatforms) = postSolution
		{4E3B1208-BE65-4860-8B1C-3AF2FE21FCBC}.Debug|Any CPU.ActiveCfg = Debug|Any CPU
		{4E3B1208-BE65-4860-8B1C-3AF2FE21FCBC}.Debug|Any CPU.Build.0 = Debug|Any CPU
		{4E3B1208-BE65-4860-8B1C-3AF2FE21FCBC}.Release|Any CPU.ActiveCfg = Release|Any CPU
		{4E3B1208-BE65-4860-8B1C-3AF2FE21FCBC}.Release|Any CPU.Build.0 = Release|Any CPU
	EndGlobalSection
	GlobalSection(SolutionProperties) = preSolution
		HideSolutionNode = FALSE
	EndGlobalSection
	GlobalSection(ExtensibilityGlobals) = postSolution
		SolutionGuid = {18DBDEE5-2CFD-4E96-8C19-F0ECB97265AC}
	EndGlobalSection
EndGlobal
